
Microsoft Visual Studio Solution File, Format Version 12.00
# Visual Studio Version 16
VisualStudioVersion = 16.0.34601.136
MinimumVisualStudioVersion = 10.0.40219.1
Project("{F184B08F-C81C-45F6-A57F-5ABD9991F28F}") = "console variables", "console variables.vbproj", "{ADFAC4BB-EE74-427B-8B72-3BC73F6A55A9}"
EndProject
Global
	GlobalSection(SolutionConfigurationPlatforms) = preSolution
		Debug|Any CPU = Debug|Any CPU
		Release|Any CPU = Release|Any CPU
	EndGlobalSection
	GlobalSection(ProjectConfigurationPlatforms) = postSolution
		{ADFAC4BB-EE74-427B-8B72-3BC73F6A55A9}.Debug|Any CPU.ActiveCfg = Debug|Any CPU
		{ADFAC4BB-EE74-427B-8B72-3BC73F6A55A9}.Debug|Any CPU.Build.0 = Debug|Any CPU
		{ADFAC4BB-EE74-427B-8B72-3BC73F6A55A9}.Release|Any CPU.ActiveCfg = Release|Any CPU
		{ADFAC4BB-EE74-427B-8B72-3BC73F6A55A9}.Release|Any CPU.Build.0 = Release|Any CPU
	EndGlobalSection
	GlobalSection(SolutionProperties) = preSolution
		HideSolutionNode = FALSE
	EndGlobalSection
	GlobalSection(ExtensibilityGlobals) = postSolution
		SolutionGuid = {DEA76F00-D96D-4FE2-B330-5902E0FD145E}
	EndGlobalSection
EndGlobal
